
Microsoft Visual Studio Solution File, Format Version 12.00
# Visual Studio Version 16
VisualStudioVersion = 16.0.30309.148
MinimumVisualStudioVersion = 10.0.40219.1
Project("{FAE04EC0-301F-11D3-BF4B-00C04F79EFBC}") = "GitHub test", "GitHub test\GitHub test.csproj", "{9F461A81-901D-49B3-88FD-CCEE69F458F6}"
EndProject
Global
	GlobalSection(SolutionConfigurationPlatforms) = preSolution
		Debug|Any CPU = Debug|Any CPU
		Release|Any CPU = Release|Any CPU
	EndGlobalSection
	GlobalSection(ProjectConfigurationPlatforms) = postSolution
		{9F461A81-901D-49B3-88FD-CCEE69F458F6}.Debug|Any CPU.ActiveCfg = Debug|Any CPU
		{9F461A81-901D-49B3-88FD-CCEE69F458F6}.Debug|Any CPU.Build.0 = Debug|Any CPU
		{9F461A81-901D-49B3-88FD-CCEE69F458F6}.Release|Any CPU.ActiveCfg = Release|Any CPU
		{9F461A81-901D-49B3-88FD-CCEE69F458F6}.Release|Any CPU.Build.0 = Release|Any CPU
	EndGlobalSection
	GlobalSection(SolutionProperties) = preSolution
		HideSolutionNode = FALSE
	EndGlobalSection
	GlobalSection(ExtensibilityGlobals) = postSolution
		SolutionGuid = {749A2763-702C-4C50-9850-DFD325051961}
	EndGlobalSection
EndGlobal
